{
  "originHash" : "b63ee5238ba85de674bf3eaf868803aa78de51b177ab9cbee8aac6f8941af75a",
  "pins" : [
    {
      "identity" : "libwebp-xcode",
      "kind" : "remoteSourceControl",
      "location" : "https://github.com/SDWebImage/libwebp-Xcode.git",
      "state" : {
        "revision" : "0d60654eeefd5d7d2bef3835804892c40225e8b2",
        "version" : "1.5.0"
      }
    }
  ],
  "version" : 3
}
